
Microsoft Visual Studio Solution File, Format Version 12.00
# Visual Studio Version 17
VisualStudioVersion = 17.2.32505.173
MinimumVisualStudioVersion = 10.0.40219.1
Project("{9A19103F-16F7-4668-BE54-9A1E7A4F7556}") = "PingMonitor", "PingMonitor\PingMonitor.csproj", "{AF6E1CCD-ED58-4A12-A07E-0F78257258E3}"
EndProject
Project("{9A19103F-16F7-4668-BE54-9A1E7A4F7556}") = "PS1Convert", "PS1Convert\PS1Convert.csproj", "{557275CC-A2D1-41FD-91E9-7301B223A8EC}"
EndProject
Project("{FAE04EC0-301F-11D3-BF4B-00C04F79EFBC}") = "MailSender", "MailSender\MailSender.csproj", "{A5BCB6D8-BCE8-4B12-A5F0-CD165210BAEE}"
EndProject
Global
	GlobalSection(SolutionConfigurationPlatforms) = preSolution
		Debug|Any CPU = Debug|Any CPU
		Release|Any CPU = Release|Any CPU
	EndGlobalSection
	GlobalSection(ProjectConfigurationPlatforms) = postSolution
		{AF6E1CCD-ED58-4A12-A07E-0F78257258E3}.Debug|Any CPU.ActiveCfg = Debug|Any CPU
		{AF6E1CCD-ED58-4A12-A07E-0F78257258E3}.Debug|Any CPU.Build.0 = Debug|Any CPU
		{AF6E1CCD-ED58-4A12-A07E-0F78257258E3}.Release|Any CPU.ActiveCfg = Release|Any CPU
		{AF6E1CCD-ED58-4A12-A07E-0F78257258E3}.Release|Any CPU.Build.0 = Release|Any CPU
		{557275CC-A2D1-41FD-91E9-7301B223A8EC}.Debug|Any CPU.ActiveCfg = Debug|Any CPU
		{557275CC-A2D1-41FD-91E9-7301B223A8EC}.Debug|Any CPU.Build.0 = Debug|Any CPU
		{557275CC-A2D1-41FD-91E9-7301B223A8EC}.Release|Any CPU.ActiveCfg = Release|Any CPU
		{557275CC-A2D1-41FD-91E9-7301B223A8EC}.Release|Any CPU.Build.0 = Release|Any CPU
		{A5BCB6D8-BCE8-4B12-A5F0-CD165210BAEE}.Debug|Any CPU.ActiveCfg = Debug|Any CPU
		{A5BCB6D8-BCE8-4B12-A5F0-CD165210BAEE}.Debug|Any CPU.Build.0 = Debug|Any CPU
		{A5BCB6D8-BCE8-4B12-A5F0-CD165210BAEE}.Release|Any CPU.ActiveCfg = Release|Any CPU
		{A5BCB6D8-BCE8-4B12-A5F0-CD165210BAEE}.Release|Any CPU.Build.0 = Release|Any CPU
	EndGlobalSection
	GlobalSection(SolutionProperties) = preSolution
		HideSolutionNode = FALSE
	EndGlobalSection
	GlobalSection(ExtensibilityGlobals) = postSolution
		SolutionGuid = {89F934B5-60CF-493A-97E1-C93BFB02A852}
	EndGlobalSection
EndGlobal
